# THIS IS AN AUTOGENERATED FILE. DO NOT EDIT THIS FILE DIRECTLY.
# yarn lockfile v1


activestorage@^5.2.1:
  version "5.2.1"
  resolved "https://registry.yarnpkg.com/activestorage/-/activestorage-5.2.1.tgz#b4be57fbedc25c6c361802707fc5e8884766f6a1"
  dependencies:
    spark-md5 "^3.0.0"

spark-md5@^3.0.0:
  version "3.0.0"
  resolved "https://registry.yarnpkg.com/spark-md5/-/spark-md5-3.0.0.tgz#3722227c54e2faf24b1dc6d933cc144e6f71bfef"
